
Microsoft Visual Studio Solution File, Format Version 12.00
# Visual Studio Version 16
VisualStudioVersion = 16.0.30523.141
MinimumVisualStudioVersion = 10.0.40219.1
Project("{FAE04EC0-301F-11D3-BF4B-00C04F79EFBC}") = "DSCC_CW1_6289_API", "DSCC_CW1_6289_API\DSCC_CW1_6289_API.csproj", "{D4F3245F-F8AF-459B-BB58-116402A14689}"
EndProject
Global
	GlobalSection(SolutionConfigurationPlatforms) = preSolution
		Debug|Any CPU = Debug|Any CPU
		Release|Any CPU = Release|Any CPU
	EndGlobalSection
	GlobalSection(ProjectConfigurationPlatforms) = postSolution
		{D4F3245F-F8AF-459B-BB58-116402A14689}.Debug|Any CPU.ActiveCfg = Debug|Any CPU
		{D4F3245F-F8AF-459B-BB58-116402A14689}.Debug|Any CPU.Build.0 = Debug|Any CPU
		{D4F3245F-F8AF-459B-BB58-116402A14689}.Release|Any CPU.ActiveCfg = Release|Any CPU
		{D4F3245F-F8AF-459B-BB58-116402A14689}.Release|Any CPU.Build.0 = Release|Any CPU
	EndGlobalSection
	GlobalSection(SolutionProperties) = preSolution
		HideSolutionNode = FALSE
	EndGlobalSection
	GlobalSection(ExtensibilityGlobals) = postSolution
		SolutionGuid = {B2885637-C38F-48B4-8FE0-36627F922004}
	EndGlobalSection
EndGlobal
